
Microsoft Visual Studio Solution File, Format Version 12.00
# Visual Studio Version 17
VisualStudioVersion = 17.14.36414.22 d17.14
MinimumVisualStudioVersion = 10.0.40219.1
Project("{FAE04EC0-301F-11D3-BF4B-00C04F79EFBC}") = "Adventure", "Adventure\Adventure.csproj", "{980489F5-69F4-4A2E-A9EC-A5DA7BD03633}"
EndProject
Global
	GlobalSection(SolutionConfigurationPlatforms) = preSolution
		Debug|Any CPU = Debug|Any CPU
		Release|Any CPU = Release|Any CPU
	EndGlobalSection
	GlobalSection(ProjectConfigurationPlatforms) = postSolution
		{980489F5-69F4-4A2E-A9EC-A5DA7BD03633}.Debug|Any CPU.ActiveCfg = Debug|Any CPU
		{980489F5-69F4-4A2E-A9EC-A5DA7BD03633}.Debug|Any CPU.Build.0 = Debug|Any CPU
		{980489F5-69F4-4A2E-A9EC-A5DA7BD03633}.Release|Any CPU.ActiveCfg = Release|Any CPU
		{980489F5-69F4-4A2E-A9EC-A5DA7BD03633}.Release|Any CPU.Build.0 = Release|Any CPU
	EndGlobalSection
	GlobalSection(SolutionProperties) = preSolution
		HideSolutionNode = FALSE
	EndGlobalSection
	GlobalSection(ExtensibilityGlobals) = postSolution
		SolutionGuid = {F478D158-7969-49DF-9058-73549E092C09}
	EndGlobalSection
EndGlobal
